// !$*UTF8*$!
{
	archiveVersion = 1;
	classes = {
	};
	objectVersion = 48;
	objects = {

/* Begin PBXBuildFile section */
		1CA1FF83A770736E5760851A /* Pods_TheMovieApp.framework in Frameworks */ = {isa = PBXBuildFile; fileRef = 0215F74E927F9638EEFBD5F4 /* Pods_TheMovieApp.framework */; };
		E1224C1F1FE983340003AFEA /* MovieListServiceBuilder.swift in Sources */ = {isa = PBXBuildFile; fileRef = E1224C1E1FE983340003AFEA /* MovieListServiceBuilder.swift */; };
		E16D68BC1FE8FAA1009178F9 /* AppDelegate.swift in Sources */ = {isa = PBXBuildFile; fileRef = E16D68BB1FE8FAA1009178F9 /* AppDelegate.swift */; };
		E16D68BE1FE8FAA1009178F9 /* ViewController.swift in Sources */ = {isa = PBXBuildFile; fileRef = E16D68BD1FE8FAA1009178F9 /* ViewController.swift */; };
		E16D68C11FE8FAA1009178F9 /* Main.storyboard in Resources */ = {isa = PBXBuildFile; fileRef = E16D68BF1FE8FAA1009178F9 /* Main.storyboard */; };
		E16D68C31FE8FAA1009178F9 /* Assets.xcassets in Resources */ = {isa = PBXBuildFile; fileRef = E16D68C21FE8FAA1009178F9 /* Assets.xcassets */; };
		E16D68C61FE8FAA1009178F9 /* LaunchScreen.storyboard in Resources */ = {isa = PBXBuildFile; fileRef = E16D68C41FE8FAA1009178F9 /* LaunchScreen.storyboard */; };
		E16D68D11FE8FAA1009178F9 /* TheMovieAppTests.swift in Sources */ = {isa = PBXBuildFile; fileRef = E16D68D01FE8FAA1009178F9 /* TheMovieAppTests.swift */; };
		E18C99841FE907E2008F5A4F /* RouterType.swift in Sources */ = {isa = PBXBuildFile; fileRef = E18C99831FE907E2008F5A4F /* RouterType.swift */; };
		E18C99861FE907FD008F5A4F /* Router.swift in Sources */ = {isa = PBXBuildFile; fileRef = E18C99851FE907FD008F5A4F /* Router.swift */; };
		E18C99881FE90826008F5A4F /* Presentable.swift in Sources */ = {isa = PBXBuildFile; fileRef = E18C99871FE90826008F5A4F /* Presentable.swift */; };
		E18C998A1FE90891008F5A4F /* Coordinator.swift in Sources */ = {isa = PBXBuildFile; fileRef = E18C99891FE90891008F5A4F /* Coordinator.swift */; };
		E18C998C1FE909AF008F5A4F /* CoordinatorType.swift in Sources */ = {isa = PBXBuildFile; fileRef = E18C998B1FE909AF008F5A4F /* CoordinatorType.swift */; };
		E18C998E1FE909CB008F5A4F /* Storage.swift in Sources */ = {isa = PBXBuildFile; fileRef = E18C998D1FE909CB008F5A4F /* Storage.swift */; };
		E18C99901FE90A35008F5A4F /* UserDefaultsStorageImplementation.swift in Sources */ = {isa = PBXBuildFile; fileRef = E18C998F1FE90A35008F5A4F /* UserDefaultsStorageImplementation.swift */; };
		E18C99921FE90A6C008F5A4F /* MovieListService.swift in Sources */ = {isa = PBXBuildFile; fileRef = E18C99911FE90A6C008F5A4F /* MovieListService.swift */; };
		E18C99941FE90A7E008F5A4F /* MovieListServiceImplementation.swift in Sources */ = {isa = PBXBuildFile; fileRef = E18C99931FE90A7E008F5A4F /* MovieListServiceImplementation.swift */; };
		E18C99981FE9158E008F5A4F /* SearchCoordinator.swift in Sources */ = {isa = PBXBuildFile; fileRef = E18C99971FE9158E008F5A4F /* SearchCoordinator.swift */; };
		E18C999A1FE9159D008F5A4F /* SearchInteractor.swift in Sources */ = {isa = PBXBuildFile; fileRef = E18C99991FE9159D008F5A4F /* SearchInteractor.swift */; };
		E18C999C1FE915AA008F5A4F /* SearchPresenter.swift in Sources */ = {isa = PBXBuildFile; fileRef = E18C999B1FE915AA008F5A4F /* SearchPresenter.swift */; };
		E18C999E1FE915BB008F5A4F /* SearchViewController.swift in Sources */ = {isa = PBXBuildFile; fileRef = E18C999D1FE915BB008F5A4F /* SearchViewController.swift */; };
		E18C99A01FE92B43008F5A4F /* MovieListViewController.swift in Sources */ = {isa = PBXBuildFile; fileRef = E18C999F1FE92B43008F5A4F /* MovieListViewController.swift */; };
		E18C99A21FE92B52008F5A4F /* MovieListCoordinator.swift in Sources */ = {isa = PBXBuildFile; fileRef = E18C99A11FE92B52008F5A4F /* MovieListCoordinator.swift */; };
		E18C99A41FE92B61008F5A4F /* MovieListInteractor.swift in Sources */ = {isa = PBXBuildFile; fileRef = E18C99A31FE92B61008F5A4F /* MovieListInteractor.swift */; };
		E18C99A61FE92B71008F5A4F /* MovieListPresenter.swift in Sources */ = {isa = PBXBuildFile; fileRef = E18C99A51FE92B71008F5A4F /* MovieListPresenter.swift */; };
		E1F890371FE9760A00184EA1 /* Configuration.swift in Sources */ = {isa = PBXBuildFile; fileRef = E1F890361FE9760A00184EA1 /* Configuration.swift */; };
		E1F890391FE9762500184EA1 /* ConfigurationType.swift in Sources */ = {isa = PBXBuildFile; fileRef = E1F890381FE9762500184EA1 /* ConfigurationType.swift */; };
		E1F8903C1FE97C8900184EA1 /* MovieListRequest.swift in Sources */ = {isa = PBXBuildFile; fileRef = E1F8903B1FE97C8900184EA1 /* MovieListRequest.swift */; };
		E1F8903E1FE97C9500184EA1 /* MovieListResponse.swift in Sources */ = {isa = PBXBuildFile; fileRef = E1F8903D1FE97C9500184EA1 /* MovieListResponse.swift */; };
		F44CC283C076A839AB395ADA /* Pods_TheMovieAppTests.framework in Frameworks */ = {isa = PBXBuildFile; fileRef = 782E2FB13A1BD67D4E98D5A7 /* Pods_TheMovieAppTests.framework */; };
/* End PBXBuildFile section */

/* Begin PBXContainerItemProxy section */
		E16D68CD1FE8FAA1009178F9 /* PBXContainerItemProxy */ = {
			isa = PBXContainerItemProxy;
			containerPortal = E16D68B01FE8FAA1009178F9 /* Project object */;
			proxyType = 1;
			remoteGlobalIDString = E16D68B71FE8FAA1009178F9;
			remoteInfo = TheMovieApp;
		};
/* End PBXContainerItemProxy section */

/* Begin PBXFileReference section */
		0215F74E927F9638EEFBD5F4 /* Pods_TheMovieApp.framework */ = {isa = PBXFileReference; explicitFileType = wrapper.framework; includeInIndex = 0; path = Pods_TheMovieApp.framework; sourceTree = BUILT_PRODUCTS_DIR; };
		0A2217294E7030F5B0B41E65 /* Pods-TheMovieAppTests.debug.xcconfig */ = {isa = PBXFileReference; includeInIndex = 1; lastKnownFileType = text.xcconfig; name = "Pods-TheMovieAppTests.debug.xcconfig"; path = "Pods/Target Support Files/Pods-TheMovieAppTests/Pods-TheMovieAppTests.debug.xcconfig"; sourceTree = "<group>"; };
		1EE4A0C27DC3195211742D9F /* Pods-TheMovieAppTests.release.xcconfig */ = {isa = PBXFileReference; includeInIndex = 1; lastKnownFileType = text.xcconfig; name = "Pods-TheMovieAppTests.release.xcconfig"; path = "Pods/Target Support Files/Pods-TheMovieAppTests/Pods-TheMovieAppTests.release.xcconfig"; sourceTree = "<group>"; };
		57F90F142B1A02E5E8072665 /* Pods-TheMovieApp.debug.xcconfig */ = {isa = PBXFileReference; includeInIndex = 1; lastKnownFileType = text.xcconfig; name = "Pods-TheMovieApp.debug.xcconfig"; path = "Pods/Target Support Files/Pods-TheMovieApp/Pods-TheMovieApp.debug.xcconfig"; sourceTree = "<group>"; };
		782E2FB13A1BD67D4E98D5A7 /* Pods_TheMovieAppTests.framework */ = {isa = PBXFileReference; explicitFileType = wrapper.framework; includeInIndex = 0; path = Pods_TheMovieAppTests.framework; sourceTree = BUILT_PRODUCTS_DIR; };
		E1224C1E1FE983340003AFEA /* MovieListServiceBuilder.swift */ = {isa = PBXFileReference; lastKnownFileType = sourcecode.swift; path = MovieListServiceBuilder.swift; sourceTree = "<group>"; };
		E16D68B81FE8FAA1009178F9 /* TheMovieApp.app */ = {isa = PBXFileReference; explicitFileType = wrapper.application; includeInIndex = 0; path = TheMovieApp.app; sourceTree = BUILT_PRODUCTS_DIR; };
		E16D68BB1FE8FAA1009178F9 /* AppDelegate.swift */ = {isa = PBXFileReference; lastKnownFileType = sourcecode.swift; path = AppDelegate.swift; sourceTree = "<group>"; };
		E16D68BD1FE8FAA1009178F9 /* ViewController.swift */ = {isa = PBXFileReference; lastKnownFileType = sourcecode.swift; path = ViewController.swift; sourceTree = "<group>"; };
		E16D68C01FE8FAA1009178F9 /* Base */ = {isa = PBXFileReference; lastKnownFileType = file.storyboard; name = Base; path = Base.lproj/Main.storyboard; sourceTree = "<group>"; };
		E16D68C21FE8FAA1009178F9 /* Assets.xcassets */ = {isa = PBXFileReference; lastKnownFileType = folder.assetcatalog; path = Assets.xcassets; sourceTree = "<group>"; };
		E16D68C51FE8FAA1009178F9 /* Base */ = {isa = PBXFileReference; lastKnownFileType = file.storyboard; name = Base; path = Base.lproj/LaunchScreen.storyboard; sourceTree = "<group>"; };
		E16D68C71FE8FAA1009178F9 /* Info.plist */ = {isa = PBXFileReference; lastKnownFileType = text.plist.xml; path = Info.plist; sourceTree = "<group>"; };
		E16D68CC1FE8FAA1009178F9 /* TheMovieAppTests.xctest */ = {isa = PBXFileReference; explicitFileType = wrapper.cfbundle; includeInIndex = 0; path = TheMovieAppTests.xctest; sourceTree = BUILT_PRODUCTS_DIR; };
		E16D68D01FE8FAA1009178F9 /* TheMovieAppTests.swift */ = {isa = PBXFileReference; lastKnownFileType = sourcecode.swift; path = TheMovieAppTests.swift; sourceTree = "<group>"; };
		E16D68D21FE8FAA1009178F9 /* Info.plist */ = {isa = PBXFileReference; lastKnownFileType = text.plist.xml; path = Info.plist; sourceTree = "<group>"; };
		E18C99831FE907E2008F5A4F /* RouterType.swift */ = {isa = PBXFileReference; lastKnownFileType = sourcecode.swift; path = RouterType.swift; sourceTree = "<group>"; };
		E18C99851FE907FD008F5A4F /* Router.swift */ = {isa = PBXFileReference; lastKnownFileType = sourcecode.swift; path = Router.swift; sourceTree = "<group>"; };
		E18C99871FE90826008F5A4F /* Presentable.swift */ = {isa = PBXFileReference; lastKnownFileType = sourcecode.swift; path = Presentable.swift; sourceTree = "<group>"; };
		E18C99891FE90891008F5A4F /* Coordinator.swift */ = {isa = PBXFileReference; lastKnownFileType = sourcecode.swift; path = Coordinator.swift; sourceTree = "<group>"; };
		E18C998B1FE909AF008F5A4F /* CoordinatorType.swift */ = {isa = PBXFileReference; lastKnownFileType = sourcecode.swift; path = CoordinatorType.swift; sourceTree = "<group>"; };
		E18C998D1FE909CB008F5A4F /* Storage.swift */ = {isa = PBXFileReference; lastKnownFileType = sourcecode.swift; path = Storage.swift; sourceTree = "<group>"; };
		E18C998F1FE90A35008F5A4F /* UserDefaultsStorageImplementation.swift */ = {isa = PBXFileReference; lastKnownFileType = sourcecode.swift; path = UserDefaultsStorageImplementation.swift; sourceTree = "<group>"; };
		E18C99911FE90A6C008F5A4F /* MovieListService.swift */ = {isa = PBXFileReference; lastKnownFileType = sourcecode.swift; path = MovieListService.swift; sourceTree = "<group>"; };
		E18C99931FE90A7E008F5A4F /* MovieListServiceImplementation.swift */ = {isa = PBXFileReference; lastKnownFileType = sourcecode.swift; path = MovieListServiceImplementation.swift; sourceTree = "<group>"; };
		E18C99971FE9158E008F5A4F /* SearchCoordinator.swift */ = {isa = PBXFileReference; lastKnownFileType = sourcecode.swift; path = SearchCoordinator.swift; sourceTree = "<group>"; };
		E18C99991FE9159D008F5A4F /* SearchInteractor.swift */ = {isa = PBXFileReference; lastKnownFileType = sourcecode.swift; path = SearchInteractor.swift; sourceTree = "<group>"; };
		E18C999B1FE915AA008F5A4F /* SearchPresenter.swift */ = {isa = PBXFileReference; lastKnownFileType = sourcecode.swift; path = SearchPresenter.swift; sourceTree = "<group>"; };
		E18C999D1FE915BB008F5A4F /* SearchViewController.swift */ = {isa = PBXFileReference; lastKnownFileType = sourcecode.swift; path = SearchViewController.swift; sourceTree = "<group>"; };
		E18C999F1FE92B43008F5A4F /* MovieListViewController.swift */ = {isa = PBXFileReference; lastKnownFileType = sourcecode.swift; path = MovieListViewController.swift; sourceTree = "<group>"; };
		E18C99A11FE92B52008F5A4F /* MovieListCoordinator.swift */ = {isa = PBXFileReference; lastKnownFileType = sourcecode.swift; path = MovieListCoordinator.swift; sourceTree = "<group>"; };
		E18C99A31FE92B61008F5A4F /* MovieListInteractor.swift */ = {isa = PBXFileReference; lastKnownFileType = sourcecode.swift; path = MovieListInteractor.swift; sourceTree = "<group>"; };
		E18C99A51FE92B71008F5A4F /* MovieListPresenter.swift */ = {isa = PBXFileReference; lastKnownFileType = sourcecode.swift; path = MovieListPresenter.swift; sourceTree = "<group>"; };
		E1F890361FE9760A00184EA1 /* Configuration.swift */ = {isa = PBXFileReference; lastKnownFileType = sourcecode.swift; path = Configuration.swift; sourceTree = "<group>"; };
		E1F890381FE9762500184EA1 /* ConfigurationType.swift */ = {isa = PBXFileReference; lastKnownFileType = sourcecode.swift; path = ConfigurationType.swift; sourceTree = "<group>"; };
		E1F8903B1FE97C8900184EA1 /* MovieListRequest.swift */ = {isa = PBXFileReference; lastKnownFileType = sourcecode.swift; path = MovieListRequest.swift; sourceTree = "<group>"; };
		E1F8903D1FE97C9500184EA1 /* MovieListResponse.swift */ = {isa = PBXFileReference; lastKnownFileType = sourcecode.swift; path = MovieListResponse.swift; sourceTree = "<group>"; };
		F3CEC4E1B647223BDC27DE47 /* Pods-TheMovieApp.release.xcconfig */ = {isa = PBXFileReference; includeInIndex = 1; lastKnownFileType = text.xcconfig; name = "Pods-TheMovieApp.release.xcconfig"; path = "Pods/Target Support Files/Pods-TheMovieApp/Pods-TheMovieApp.release.xcconfig"; sourceTree = "<group>"; };
/* End PBXFileReference section */

/* Begin PBXFrameworksBuildPhase section */
		E16D68B51FE8FAA1009178F9 /* Frameworks */ = {
			isa = PBXFrameworksBuildPhase;
			buildActionMask = 2147483647;
			files = (
				1CA1FF83A770736E5760851A /* Pods_TheMovieApp.framework in Frameworks */,
			);
			runOnlyForDeploymentPostprocessing = 0;
		};
		E16D68C91FE8FAA1009178F9 /* Frameworks */ = {
			isa = PBXFrameworksBuildPhase;
			buildActionMask = 2147483647;
			files = (
				F44CC283C076A839AB395ADA /* Pods_TheMovieAppTests.framework in Frameworks */,
			);
			runOnlyForDeploymentPostprocessing = 0;
		};
/* End PBXFrameworksBuildPhase section */

/* Begin PBXGroup section */
		3D35F895111D4D2E934FA147 /* Frameworks */ = {
			isa = PBXGroup;
			children = (
				0215F74E927F9638EEFBD5F4 /* Pods_TheMovieApp.framework */,
				782E2FB13A1BD67D4E98D5A7 /* Pods_TheMovieAppTests.framework */,
			);
			name = Frameworks;
			sourceTree = "<group>";
		};
		E16D68AF1FE8FAA1009178F9 = {
			isa = PBXGroup;
			children = (
				E16D68BA1FE8FAA1009178F9 /* TheMovieApp */,
				E16D68CF1FE8FAA1009178F9 /* TheMovieAppTests */,
				E16D68B91FE8FAA1009178F9 /* Products */,
				EE92D844A58350DF6328067C /* Pods */,
				3D35F895111D4D2E934FA147 /* Frameworks */,
			);
			sourceTree = "<group>";
		};
		E16D68B91FE8FAA1009178F9 /* Products */ = {
			isa = PBXGroup;
			children = (
				E16D68B81FE8FAA1009178F9 /* TheMovieApp.app */,
				E16D68CC1FE8FAA1009178F9 /* TheMovieAppTests.xctest */,
			);
			name = Products;
			sourceTree = "<group>";
		};
		E16D68BA1FE8FAA1009178F9 /* TheMovieApp */ = {
			isa = PBXGroup;
			children = (
				E18C997E1FE90606008F5A4F /* Router */,
				E18C997F1FE90689008F5A4F /* Coordinator */,
				E18C99801FE906CE008F5A4F /* Modules */,
				E18C99821FE9073D008F5A4F /* Storage */,
				E18C99811FE90735008F5A4F /* Service */,
				E1F890351FE975DD00184EA1 /* Configuration */,
				E16D68BB1FE8FAA1009178F9 /* AppDelegate.swift */,
				E16D68BD1FE8FAA1009178F9 /* ViewController.swift */,
				E16D68BF1FE8FAA1009178F9 /* Main.storyboard */,
				E16D68C21FE8FAA1009178F9 /* Assets.xcassets */,
				E16D68C41FE8FAA1009178F9 /* LaunchScreen.storyboard */,
				E16D68C71FE8FAA1009178F9 /* Info.plist */,
			);
			path = TheMovieApp;
			sourceTree = "<group>";
		};
		E16D68CF1FE8FAA1009178F9 /* TheMovieAppTests */ = {
			isa = PBXGroup;
			children = (
				E16D68D01FE8FAA1009178F9 /* TheMovieAppTests.swift */,
				E16D68D21FE8FAA1009178F9 /* Info.plist */,
			);
			path = TheMovieAppTests;
			sourceTree = "<group>";
		};
		E18C997E1FE90606008F5A4F /* Router */ = {
			isa = PBXGroup;
			children = (
				E18C99831FE907E2008F5A4F /* RouterType.swift */,
				E18C99851FE907FD008F5A4F /* Router.swift */,
				E18C99871FE90826008F5A4F /* Presentable.swift */,
			);
			path = Router;
			sourceTree = "<group>";
		};
		E18C997F1FE90689008F5A4F /* Coordinator */ = {
			isa = PBXGroup;
			children = (
				E18C99891FE90891008F5A4F /* Coordinator.swift */,
				E18C998B1FE909AF008F5A4F /* CoordinatorType.swift */,
			);
			path = Coordinator;
			sourceTree = "<group>";
		};
		E18C99801FE906CE008F5A4F /* Modules */ = {
			isa = PBXGroup;
			children = (
				E18C99951FE914CA008F5A4F /* Search Page */,
				E18C99961FE914E6008F5A4F /* Movies List Page */,
			);
			path = Modules;
			sourceTree = "<group>";
		};
		E18C99811FE90735008F5A4F /* Service */ = {
			isa = PBXGroup;
			children = (
				E1F8903A1FE97C6C00184EA1 /* Movie List Service */,
			);
			path = Service;
			sourceTree = "<group>";
		};
		E18C99821FE9073D008F5A4F /* Storage */ = {
			isa = PBXGroup;
			children = (
				E18C998D1FE909CB008F5A4F /* Storage.swift */,
				E18C998F1FE90A35008F5A4F /* UserDefaultsStorageImplementation.swift */,
			);
			path = Storage;
			sourceTree = "<group>";
		};
		E18C99951FE914CA008F5A4F /* Search Page */ = {
			isa = PBXGroup;
			children = (
				E18C99971FE9158E008F5A4F /* SearchCoordinator.swift */,
				E18C99991FE9159D008F5A4F /* SearchInteractor.swift */,
				E18C999B1FE915AA008F5A4F /* SearchPresenter.swift */,
				E18C999D1FE915BB008F5A4F /* SearchViewController.swift */,
			);
			path = "Search Page";
			sourceTree = "<group>";
		};
		E18C99961FE914E6008F5A4F /* Movies List Page */ = {
			isa = PBXGroup;
			children = (
				E18C999F1FE92B43008F5A4F /* MovieListViewController.swift */,
				E18C99A11FE92B52008F5A4F /* MovieListCoordinator.swift */,
				E18C99A31FE92B61008F5A4F /* MovieListInteractor.swift */,
				E18C99A51FE92B71008F5A4F /* MovieListPresenter.swift */,
			);
			path = "Movies List Page";
			sourceTree = "<group>";
		};
		E1F890351FE975DD00184EA1 /* Configuration */ = {
			isa = PBXGroup;
			children = (
				E1F890361FE9760A00184EA1 /* Configuration.swift */,
				E1F890381FE9762500184EA1 /* ConfigurationType.swift */,
			);
			path = Configuration;
			sourceTree = "<group>";
		};
		E1F8903A1FE97C6C00184EA1 /* Movie List Service */ = {
			isa = PBXGroup;
			children = (
				E18C99911FE90A6C008F5A4F /* MovieListService.swift */,
				E18C99931FE90A7E008F5A4F /* MovieListServiceImplementation.swift */,
				E1224C1E1FE983340003AFEA /* MovieListServiceBuilder.swift */,
				E1F8903B1FE97C8900184EA1 /* MovieListRequest.swift */,
				E1F8903D1FE97C9500184EA1 /* MovieListResponse.swift */,
			);
			path = "Movie List Service";
			sourceTree = "<group>";
		};
		EE92D844A58350DF6328067C /* Pods */ = {
			isa = PBXGroup;
			children = (
				57F90F142B1A02E5E8072665 /* Pods-TheMovieApp.debug.xcconfig */,
				F3CEC4E1B647223BDC27DE47 /* Pods-TheMovieApp.release.xcconfig */,
				0A2217294E7030F5B0B41E65 /* Pods-TheMovieAppTests.debug.xcconfig */,
				1EE4A0C27DC3195211742D9F /* Pods-TheMovieAppTests.release.xcconfig */,
			);
			name = Pods;
			sourceTree = "<group>";
		};
/* End PBXGroup section */

/* Begin PBXNativeTarget section */
		E16D68B71FE8FAA1009178F9 /* TheMovieApp */ = {
			isa = PBXNativeTarget;
			buildConfigurationList = E16D68D51FE8FAA1009178F9 /* Build configuration list for PBXNativeTarget "TheMovieApp" */;
			buildPhases = (
				1059323DA86EFAD184AD4E22 /* [CP] Check Pods Manifest.lock */,
				E16D68B41FE8FAA1009178F9 /* Sources */,
				E16D68B51FE8FAA1009178F9 /* Frameworks */,
				E16D68B61FE8FAA1009178F9 /* Resources */,
				B9114A22F3E7E73842F5429A /* [CP] Embed Pods Frameworks */,
				0D1A9970583BCFB14B73281D /* [CP] Copy Pods Resources */,
			);
			buildRules = (
			);
			dependencies = (
			);
			name = TheMovieApp;
			productName = TheMovieApp;
			productReference = E16D68B81FE8FAA1009178F9 /* TheMovieApp.app */;
			productType = "com.apple.product-type.application";
		};
		E16D68CB1FE8FAA1009178F9 /* TheMovieAppTests */ = {
			isa = PBXNativeTarget;
			buildConfigurationList = E16D68D81FE8FAA1009178F9 /* Build configuration list for PBXNativeTarget "TheMovieAppTests" */;
			buildPhases = (
				C2554E5FC39DD186D38B4CA2 /* [CP] Check Pods Manifest.lock */,
				E16D68C81FE8FAA1009178F9 /* Sources */,
				E16D68C91FE8FAA1009178F9 /* Frameworks */,
				E16D68CA1FE8FAA1009178F9 /* Resources */,
				5028FDFB8434F6A7FB196ADD /* [CP] Embed Pods Frameworks */,
				8DA37AE3C28BEAA11200F8DF /* [CP] Copy Pods Resources */,
			);
			buildRules = (
			);
			dependencies = (
				E16D68CE1FE8FAA1009178F9 /* PBXTargetDependency */,
			);
			name = TheMovieAppTests;
			productName = TheMovieAppTests;
			productReference = E16D68CC1FE8FAA1009178F9 /* TheMovieAppTests.xctest */;
			productType = "com.apple.product-type.bundle.unit-test";
		};
/* End PBXNativeTarget section */

/* Begin PBXProject section */
		E16D68B01FE8FAA1009178F9 /* Project object */ = {
			isa = PBXProject;
			attributes = {
				LastSwiftUpdateCheck = 0920;
				LastUpgradeCheck = 0920;
				ORGANIZATIONNAME = "Mehul Parmar";
				TargetAttributes = {
					E16D68B71FE8FAA1009178F9 = {
						CreatedOnToolsVersion = 9.2;
						ProvisioningStyle = Automatic;
					};
					E16D68CB1FE8FAA1009178F9 = {
						CreatedOnToolsVersion = 9.2;
						ProvisioningStyle = Automatic;
						TestTargetID = E16D68B71FE8FAA1009178F9;
					};
				};
			};
			buildConfigurationList = E16D68B31FE8FAA1009178F9 /* Build configuration list for PBXProject "TheMovieApp" */;
			compatibilityVersion = "Xcode 8.0";
			developmentRegion = en;
			hasScannedForEncodings = 0;
			knownRegions = (
				en,
				Base,
			);
			mainGroup = E16D68AF1FE8FAA1009178F9;
			productRefGroup = E16D68B91FE8FAA1009178F9 /* Products */;
			projectDirPath = "";
			projectRoot = "";
			targets = (
				E16D68B71FE8FAA1009178F9 /* TheMovieApp */,
				E16D68CB1FE8FAA1009178F9 /* TheMovieAppTests */,
			);
		};
/* End PBXProject section */

/* Begin PBXResourcesBuildPhase section */
		E16D68B61FE8FAA1009178F9 /* Resources */ = {
			isa = PBXResourcesBuildPhase;
			buildActionMask = 2147483647;
			files = (
				E16D68C61FE8FAA1009178F9 /* LaunchScreen.storyboard in Resources */,
				E16D68C31FE8FAA1009178F9 /* Assets.xcassets in Resources */,
				E16D68C11FE8FAA1009178F9 /* Main.storyboard in Resources */,
			);
			runOnlyForDeploymentPostprocessing = 0;
		};
		E16D68CA1FE8FAA1009178F9 /* Resources */ = {
			isa = PBXResourcesBuildPhase;
			buildActionMask = 2147483647;
			files = (
			);
			runOnlyForDeploymentPostprocessing = 0;
		};
/* End PBXResourcesBuildPhase section */

/* Begin PBXShellScriptBuildPhase section */
		0D1A9970583BCFB14B73281D /* [CP] Copy Pods Resources */ = {
			isa = PBXShellScriptBuildPhase;
			buildActionMask = 2147483647;
			files = (
			);
			inputPaths = (
			);
			name = "[CP] Copy Pods Resources";
			outputPaths = (
			);
			runOnlyForDeploymentPostprocessing = 0;
			shellPath = /bin/sh;
			shellScript = "\"${SRCROOT}/Pods/Target Support Files/Pods-TheMovieApp/Pods-TheMovieApp-resources.sh\"\n";
			showEnvVarsInLog = 0;
		};
		1059323DA86EFAD184AD4E22 /* [CP] Check Pods Manifest.lock */ = {
			isa = PBXShellScriptBuildPhase;
			buildActionMask = 2147483647;
			files = (
			);
			inputPaths = (
				"${PODS_PODFILE_DIR_PATH}/Podfile.lock",
				"${PODS_ROOT}/Manifest.lock",
			);
			name = "[CP] Check Pods Manifest.lock";
			outputPaths = (
				"$(DERIVED_FILE_DIR)/Pods-TheMovieApp-checkManifestLockResult.txt",
			);
			runOnlyForDeploymentPostprocessing = 0;
			shellPath = /bin/sh;
			shellScript = "diff \"${PODS_PODFILE_DIR_PATH}/Podfile.lock\" \"${PODS_ROOT}/Manifest.lock\" > /dev/null\nif [ $? != 0 ] ; then\n    # print error to STDERR\n    echo \"error: The sandbox is not in sync with the Podfile.lock. Run 'pod install' or update your CocoaPods installation.\" >&2\n    exit 1\nfi\n# This output is used by Xcode 'outputs' to avoid re-running this script phase.\necho \"SUCCESS\" > \"${SCRIPT_OUTPUT_FILE_0}\"\n";
			showEnvVarsInLog = 0;
		};
		5028FDFB8434F6A7FB196ADD /* [CP] Embed Pods Frameworks */ = {
			isa = PBXShellScriptBuildPhase;
			buildActionMask = 2147483647;
			files = (
			);
			inputPaths = (
			);
			name = "[CP] Embed Pods Frameworks";
			outputPaths = (
			);
			runOnlyForDeploymentPostprocessing = 0;
			shellPath = /bin/sh;
			shellScript = "\"${SRCROOT}/Pods/Target Support Files/Pods-TheMovieAppTests/Pods-TheMovieAppTests-frameworks.sh\"\n";
			showEnvVarsInLog = 0;
		};
		8DA37AE3C28BEAA11200F8DF /* [CP] Copy Pods Resources */ = {
			isa = PBXShellScriptBuildPhase;
			buildActionMask = 2147483647;
			files = (
			);
			inputPaths = (
			);
			name = "[CP] Copy Pods Resources";
			outputPaths = (
			);
			runOnlyForDeploymentPostprocessing = 0;
			shellPath = /bin/sh;
			shellScript = "\"${SRCROOT}/Pods/Target Support Files/Pods-TheMovieAppTests/Pods-TheMovieAppTests-resources.sh\"\n";
			showEnvVarsInLog = 0;
		};
		B9114A22F3E7E73842F5429A /* [CP] Embed Pods Frameworks */ = {
			isa = PBXShellScriptBuildPhase;
			buildActionMask = 2147483647;
			files = (
			);
			inputPaths = (
				"${SRCROOT}/Pods/Target Support Files/Pods-TheMovieApp/Pods-TheMovieApp-frameworks.sh",
				"${BUILT_PRODUCTS_DIR}/Alamofire/Alamofire.framework",
				"${BUILT_PRODUCTS_DIR}/AlamofireImage/AlamofireImage.framework",
			);
			name = "[CP] Embed Pods Frameworks";
			outputPaths = (
				"${TARGET_BUILD_DIR}/${FRAMEWORKS_FOLDER_PATH}/Alamofire.framework",
				"${TARGET_BUILD_DIR}/${FRAMEWORKS_FOLDER_PATH}/AlamofireImage.framework",
			);
			runOnlyForDeploymentPostprocessing = 0;
			shellPath = /bin/sh;
			shellScript = "\"${SRCROOT}/Pods/Target Support Files/Pods-TheMovieApp/Pods-TheMovieApp-frameworks.sh\"\n";
			showEnvVarsInLog = 0;
		};
		C2554E5FC39DD186D38B4CA2 /* [CP] Check Pods Manifest.lock */ = {
			isa = PBXShellScriptBuildPhase;
			buildActionMask = 2147483647;
			files = (
			);
			inputPaths = (
				"${PODS_PODFILE_DIR_PATH}/Podfile.lock",
				"${PODS_ROOT}/Manifest.lock",
			);
			name = "[CP] Check Pods Manifest.lock";
			outputPaths = (
				"$(DERIVED_FILE_DIR)/Pods-TheMovieAppTests-checkManifestLockResult.txt",
			);
			runOnlyForDeploymentPostprocessing = 0;
			shellPath = /bin/sh;
			shellScript = "diff \"${PODS_PODFILE_DIR_PATH}/Podfile.lock\" \"${PODS_ROOT}/Manifest.lock\" > /dev/null\nif [ $? != 0 ] ; then\n    # print error to STDERR\n    echo \"error: The sandbox is not in sync with the Podfile.lock. Run 'pod install' or update your CocoaPods installation.\" >&2\n    exit 1\nfi\n# This output is used by Xcode 'outputs' to avoid re-running this script phase.\necho \"SUCCESS\" > \"${SCRIPT_OUTPUT_FILE_0}\"\n";
			showEnvVarsInLog = 0;
		};
/* End PBXShellScriptBuildPhase section */

/* Begin PBXSourcesBuildPhase section */
		E16D68B41FE8FAA1009178F9 /* Sources */ = {
			isa = PBXSourcesBuildPhase;
			buildActionMask = 2147483647;
			files = (
				E18C999E1FE915BB008F5A4F /* SearchViewController.swift in Sources */,
				E18C99A41FE92B61008F5A4F /* MovieListInteractor.swift in Sources */,
				E18C998C1FE909AF008F5A4F /* CoordinatorType.swift in Sources */,
				E18C99861FE907FD008F5A4F /* Router.swift in Sources */,
				E1224C1F1FE983340003AFEA /* MovieListServiceBuilder.swift in Sources */,
				E18C99A01FE92B43008F5A4F /* MovieListViewController.swift in Sources */,
				E18C99921FE90A6C008F5A4F /* MovieListService.swift in Sources */,
				E1F890371FE9760A00184EA1 /* Configuration.swift in Sources */,
				E1F890391FE9762500184EA1 /* ConfigurationType.swift in Sources */,
				E18C99A61FE92B71008F5A4F /* MovieListPresenter.swift in Sources */,
				E18C999A1FE9159D008F5A4F /* SearchInteractor.swift in Sources */,
				E1F8903C1FE97C8900184EA1 /* MovieListRequest.swift in Sources */,
				E18C99A21FE92B52008F5A4F /* MovieListCoordinator.swift in Sources */,
				E16D68BE1FE8FAA1009178F9 /* ViewController.swift in Sources */,
				E18C99981FE9158E008F5A4F /* SearchCoordinator.swift in Sources */,
				E18C999C1FE915AA008F5A4F /* SearchPresenter.swift in Sources */,
				E18C99941FE90A7E008F5A4F /* MovieListServiceImplementation.swift in Sources */,
				E1F8903E1FE97C9500184EA1 /* MovieListResponse.swift in Sources */,
				E18C998A1FE90891008F5A4F /* Coordinator.swift in Sources */,
				E18C99901FE90A35008F5A4F /* UserDefaultsStorageImplementation.swift in Sources */,
				E16D68BC1FE8FAA1009178F9 /* AppDelegate.swift in Sources */,
				E18C998E1FE909CB008F5A4F /* Storage.swift in Sources */,
				E18C99881FE90826008F5A4F /* Presentable.swift in Sources */,
				E18C99841FE907E2008F5A4F /* RouterType.swift in Sources */,
			);
			runOnlyForDeploymentPostprocessing = 0;
		};
		E16D68C81FE8FAA1009178F9 /* Sources */ = {
			isa = PBXSourcesBuildPhase;
			buildActionMask = 2147483647;
			files = (
				E16D68D11FE8FAA1009178F9 /* TheMovieAppTests.swift in Sources */,
			);
			runOnlyForDeploymentPostprocessing = 0;
		};
/* End PBXSourcesBuildPhase section */

/* Begin PBXTargetDependency section */
		E16D68CE1FE8FAA1009178F9 /* PBXTargetDependency */ = {
			isa = PBXTargetDependency;
			target = E16D68B71FE8FAA1009178F9 /* TheMovieApp */;
			targetProxy = E16D68CD1FE8FAA1009178F9 /* PBXContainerItemProxy */;
		};
/* End PBXTargetDependency section */

/* Begin PBXVariantGroup section */
		E16D68BF1FE8FAA1009178F9 /* Main.storyboard */ = {
			isa = PBXVariantGroup;
			children = (
				E16D68C01FE8FAA1009178F9 /* Base */,
			);
			name = Main.storyboard;
			sourceTree = "<group>";
		};
		E16D68C41FE8FAA1009178F9 /* LaunchScreen.storyboard */ = {
			isa = PBXVariantGroup;
			children = (
				E16D68C51FE8FAA1009178F9 /* Base */,
			);
			name = LaunchScreen.storyboard;
			sourceTree = "<group>";
		};
/* End PBXVariantGroup section */

/* Begin XCBuildConfiguration section */
		E16D68D31FE8FAA1009178F9 /* Debug */ = {
			isa = XCBuildConfiguration;
			buildSettings = {
				ALWAYS_SEARCH_USER_PATHS = NO;
				CLANG_ANALYZER_NONNULL = YES;
				CLANG_ANALYZER_NUMBER_OBJECT_CONVERSION = YES_AGGRESSIVE;
				CLANG_CXX_LANGUAGE_STANDARD = "gnu++14";
				CLANG_CXX_LIBRARY = "libc++";
				CLANG_ENABLE_MODULES = YES;
				CLANG_ENABLE_OBJC_ARC = YES;
				CLANG_WARN_BLOCK_CAPTURE_AUTORELEASING = YES;
				CLANG_WARN_BOOL_CONVERSION = YES;
				CLANG_WARN_COMMA = YES;
				CLANG_WARN_CONSTANT_CONVERSION = YES;
				CLANG_WARN_DIRECT_OBJC_ISA_USAGE = YES_ERROR;
				CLANG_WARN_DOCUMENTATION_COMMENTS = YES;
				CLANG_WARN_EMPTY_BODY = YES;
				CLANG_WARN_ENUM_CONVERSION = YES;
				CLANG_WARN_INFINITE_RECURSION = YES;
				CLANG_WARN_INT_CONVERSION = YES;
				CLANG_WARN_NON_LITERAL_NULL_CONVERSION = YES;
				CLANG_WARN_OBJC_LITERAL_CONVERSION = YES;
				CLANG_WARN_OBJC_ROOT_CLASS = YES_ERROR;
				CLANG_WARN_RANGE_LOOP_ANALYSIS = YES;
				CLANG_WARN_STRICT_PROTOTYPES = YES;
				CLANG_WARN_SUSPICIOUS_MOVE = YES;
				CLANG_WARN_UNGUARDED_AVAILABILITY = YES_AGGRESSIVE;
				CLANG_WARN_UNREACHABLE_CODE = YES;
				CLANG_WARN__DUPLICATE_METHOD_MATCH = YES;
				CODE_SIGN_IDENTITY = "iPhone Developer";
				COPY_PHASE_STRIP = NO;
				DEBUG_INFORMATION_FORMAT = dwarf;
				ENABLE_STRICT_OBJC_MSGSEND = YES;
				ENABLE_TESTABILITY = YES;
				GCC_C_LANGUAGE_STANDARD = gnu11;
				GCC_DYNAMIC_NO_PIC = NO;
				GCC_NO_COMMON_BLOCKS = YES;
				GCC_OPTIMIZATION_LEVEL = 0;
				GCC_PREPROCESSOR_DEFINITIONS = (
					"DEBUG=1",
					"$(inherited)",
				);
				GCC_WARN_64_TO_32_BIT_CONVERSION = YES;
				GCC_WARN_ABOUT_RETURN_TYPE = YES_ERROR;
				GCC_WARN_UNDECLARED_SELECTOR = YES;
				GCC_WARN_UNINITIALIZED_AUTOS = YES_AGGRESSIVE;
				GCC_WARN_UNUSED_FUNCTION = YES;
				GCC_WARN_UNUSED_VARIABLE = YES;
				IPHONEOS_DEPLOYMENT_TARGET = 11.2;
				MTL_ENABLE_DEBUG_INFO = YES;
				ONLY_ACTIVE_ARCH = YES;
				SDKROOT = iphoneos;
				SWIFT_ACTIVE_COMPILATION_CONDITIONS = DEBUG;
				SWIFT_OPTIMIZATION_LEVEL = "-Onone";
			};
			name = Debug;
		};
		E16D68D41FE8FAA1009178F9 /* Release */ = {
			isa = XCBuildConfiguration;
			buildSettings = {
				ALWAYS_SEARCH_USER_PATHS = NO;
				CLANG_ANALYZER_NONNULL = YES;
				CLANG_ANALYZER_NUMBER_OBJECT_CONVERSION = YES_AGGRESSIVE;
				CLANG_CXX_LANGUAGE_STANDARD = "gnu++14";
				CLANG_CXX_LIBRARY = "libc++";
				CLANG_ENABLE_MODULES = YES;
				CLANG_ENABLE_OBJC_ARC = YES;
				CLANG_WARN_BLOCK_CAPTURE_AUTORELEASING = YES;
				CLANG_WARN_BOOL_CONVERSION = YES;
				CLANG_WARN_COMMA = YES;
				CLANG_WARN_CONSTANT_CONVERSION = YES;
				CLANG_WARN_DIRECT_OBJC_ISA_USAGE = YES_ERROR;
				CLANG_WARN_DOCUMENTATION_COMMENTS = YES;
				CLANG_WARN_EMPTY_BODY = YES;
				CLANG_WARN_ENUM_CONVERSION = YES;
				CLANG_WARN_INFINITE_RECURSION = YES;
				CLANG_WARN_INT_CONVERSION = YES;
				CLANG_WARN_NON_LITERAL_NULL_CONVERSION = YES;
				CLANG_WARN_OBJC_LITERAL_CONVERSION = YES;
				CLANG_WARN_OBJC_ROOT_CLASS = YES_ERROR;
				CLANG_WARN_RANGE_LOOP_ANALYSIS = YES;
				CLANG_WARN_STRICT_PROTOTYPES = YES;
				CLANG_WARN_SUSPICIOUS_MOVE = YES;
				CLANG_WARN_UNGUARDED_AVAILABILITY = YES_AGGRESSIVE;
				CLANG_WARN_UNREACHABLE_CODE = YES;
				CLANG_WARN__DUPLICATE_METHOD_MATCH = YES;
				CODE_SIGN_IDENTITY = "iPhone Developer";
				COPY_PHASE_STRIP = NO;
				DEBUG_INFORMATION_FORMAT = "dwarf-with-dsym";
				ENABLE_NS_ASSERTIONS = NO;
				ENABLE_STRICT_OBJC_MSGSEND = YES;
				GCC_C_LANGUAGE_STANDARD = gnu11;
				GCC_NO_COMMON_BLOCKS = YES;
				GCC_WARN_64_TO_32_BIT_CONVERSION = YES;
				GCC_WARN_ABOUT_RETURN_TYPE = YES_ERROR;
				GCC_WARN_UNDECLARED_SELECTOR = YES;
				GCC_WARN_UNINITIALIZED_AUTOS = YES_AGGRESSIVE;
				GCC_WARN_UNUSED_FUNCTION = YES;
				GCC_WARN_UNUSED_VARIABLE = YES;
				IPHONEOS_DEPLOYMENT_TARGET = 11.2;
				MTL_ENABLE_DEBUG_INFO = NO;
				SDKROOT = iphoneos;
				SWIFT_OPTIMIZATION_LEVEL = "-Owholemodule";
				VALIDATE_PRODUCT = YES;
			};
			name = Release;
		};
		E16D68D61FE8FAA1009178F9 /* Debug */ = {
			isa = XCBuildConfiguration;
			baseConfigurationReference = 57F90F142B1A02E5E8072665 /* Pods-TheMovieApp.debug.xcconfig */;
			buildSettings = {
				ASSETCATALOG_COMPILER_APPICON_NAME = AppIcon;
				CODE_SIGN_STYLE = Automatic;
				DEVELOPMENT_TEAM = 825T66E5ZF;
				INFOPLIST_FILE = TheMovieApp/Info.plist;
				LD_RUNPATH_SEARCH_PATHS = "$(inherited) @executable_path/Frameworks";
				PRODUCT_BUNDLE_IDENTIFIER = Mehul.TheMovieApp;
				PRODUCT_NAME = "$(TARGET_NAME)";
				SWIFT_VERSION = 4.0;
				TARGETED_DEVICE_FAMILY = "1,2";
			};
			name = Debug;
		};
		E16D68D71FE8FAA1009178F9 /* Release */ = {
			isa = XCBuildConfiguration;
			baseConfigurationReference = F3CEC4E1B647223BDC27DE47 /* Pods-TheMovieApp.release.xcconfig */;
			buildSettings = {
				ASSETCATALOG_COMPILER_APPICON_NAME = AppIcon;
				CODE_SIGN_STYLE = Automatic;
				DEVELOPMENT_TEAM = 825T66E5ZF;
				INFOPLIST_FILE = TheMovieApp/Info.plist;
				LD_RUNPATH_SEARCH_PATHS = "$(inherited) @executable_path/Frameworks";
				PRODUCT_BUNDLE_IDENTIFIER = Mehul.TheMovieApp;
				PRODUCT_NAME = "$(TARGET_NAME)";
				SWIFT_VERSION = 4.0;
				TARGETED_DEVICE_FAMILY = "1,2";
			};
			name = Release;
		};
		E16D68D91FE8FAA1009178F9 /* Debug */ = {
			isa = XCBuildConfiguration;
			baseConfigurationReference = 0A2217294E7030F5B0B41E65 /* Pods-TheMovieAppTests.debug.xcconfig */;
			buildSettings = {
				ALWAYS_EMBED_SWIFT_STANDARD_LIBRARIES = YES;
				BUNDLE_LOADER = "$(TEST_HOST)";
				CODE_SIGN_STYLE = Automatic;
				DEVELOPMENT_TEAM = 825T66E5ZF;
				INFOPLIST_FILE = TheMovieAppTests/Info.plist;
				LD_RUNPATH_SEARCH_PATHS = "$(inherited) @executable_path/Frameworks @loader_path/Frameworks";
				PRODUCT_BUNDLE_IDENTIFIER = Mehul.TheMovieAppTests;
				PRODUCT_NAME = "$(TARGET_NAME)";
				SWIFT_VERSION = 4.0;
				TARGETED_DEVICE_FAMILY = "1,2";
				TEST_HOST = "$(BUILT_PRODUCTS_DIR)/TheMovieApp.app/TheMovieApp";
			};
			name = Debug;
		};
		E16D68DA1FE8FAA1009178F9 /* Release */ = {
			isa = XCBuildConfiguration;
			baseConfigurationReference = 1EE4A0C27DC3195211742D9F /* Pods-TheMovieAppTests.release.xcconfig */;
			buildSettings = {
				ALWAYS_EMBED_SWIFT_STANDARD_LIBRARIES = YES;
				BUNDLE_LOADER = "$(TEST_HOST)";
				CODE_SIGN_STYLE = Automatic;
				DEVELOPMENT_TEAM = 825T66E5ZF;
				INFOPLIST_FILE = TheMovieAppTests/Info.plist;
				LD_RUNPATH_SEARCH_PATHS = "$(inherited) @executable_path/Frameworks @loader_path/Frameworks";
				PRODUCT_BUNDLE_IDENTIFIER = Mehul.TheMovieAppTests;
				PRODUCT_NAME = "$(TARGET_NAME)";
				SWIFT_VERSION = 4.0;
				TARGETED_DEVICE_FAMILY = "1,2";
				TEST_HOST = "$(BUILT_PRODUCTS_DIR)/TheMovieApp.app/TheMovieApp";
			};
			name = Release;
		};
/* End XCBuildConfiguration section */

/* Begin XCConfigurationList section */
		E16D68B31FE8FAA1009178F9 /* Build configuration list for PBXProject "TheMovieApp" */ = {
			isa = XCConfigurationList;
			buildConfigurations = (
				E16D68D31FE8FAA1009178F9 /* Debug */,
				E16D68D41FE8FAA1009178F9 /* Release */,
			);
			defaultConfigurationIsVisible = 0;
			defaultConfigurationName = Release;
		};
		E16D68D51FE8FAA1009178F9 /* Build configuration list for PBXNativeTarget "TheMovieApp" */ = {
			isa = XCConfigurationList;
			buildConfigurations = (
				E16D68D61FE8FAA1009178F9 /* Debug */,
				E16D68D71FE8FAA1009178F9 /* Release */,
			);
			defaultConfigurationIsVisible = 0;
			defaultConfigurationName = Release;
		};
		E16D68D81FE8FAA1009178F9 /* Build configuration list for PBXNativeTarget "TheMovieAppTests" */ = {
			isa = XCConfigurationList;
			buildConfigurations = (
				E16D68D91FE8FAA1009178F9 /* Debug */,
				E16D68DA1FE8FAA1009178F9 /* Release */,
			);
			defaultConfigurationIsVisible = 0;
			defaultConfigurationName = Release;
		};
/* End XCConfigurationList section */
	};
	rootObject = E16D68B01FE8FAA1009178F9 /* Project object */;
}
